{
    "version": 4,
    "terraform_version": "0.12.17",
    "serial": 1,
    "lineage": "df998877-535b-d14f-0ec6-7cdef0975700",
    "outputs": {},
    "resources": [
      {
        "mode": "managed",
        "type": "aws_cloudfront_distribution",
        "name": "tuvo_distribution",
        "provider": "provider.aws",
        "instances": [
          {
            "schema_version": 1,
            "attributes": {
              "active_trusted_signers": {
                "enabled": "false",
                "items.#": "0"
              },
              "aliases": [
                "tuvo.io"
              ],
              "arn": "arn:aws:cloudfront::748004005034:distribution/EQDOP3TNY5NB1",
              "cache_behavior": [],
              "caller_reference": "1583244201722",
              "comment": null,
              "custom_error_response": [
                {
                  "error_caching_min_ttl": 300,
                  "error_code": 403,
                  "response_code": 200,
                  "response_page_path": "/index.html"
                },
                {
                  "error_caching_min_ttl": 300,
                  "error_code": 404,
                  "response_code": 200,
                  "response_page_path": "/index.html"
                }
              ],
              "default_cache_behavior": [
                {
                  "allowed_methods": [
                    "GET",
                    "HEAD"
                  ],
                  "cached_methods": [
                    "GET",
                    "HEAD"
                  ],
                  "compress": false,
                  "default_ttl": 86400,
                  "field_level_encryption_id": "",
                  "forwarded_values": [
                    {
                      "cookies": [
                        {
                          "forward": "none",
                          "whitelisted_names": []
                        }
                      ],
                      "headers": [],
                      "query_string": false,
                      "query_string_cache_keys": []
                    }
                  ],
                  "lambda_function_association": [],
                  "max_ttl": 31536000,
                  "min_ttl": 0,
                  "smooth_streaming": false,
                  "target_origin_id": "S3-tuvo/tuvo.s3.amazonaws.com/index/dist/index.html",
                  "trusted_signers": [],
                  "viewer_protocol_policy": "allow-all"
                }
              ],
              "default_root_object": "",
              "domain_name": "d2w67oumh7fi0w.cloudfront.net",
              "enabled": true,
              "etag": "E2F81QBBJYNHI1",
              "hosted_zone_id": "Z2FDTNDATAQYW2",
              "http_version": "http2",
              "id": "EQDOP3TNY5NB1",
              "in_progress_validation_batches": 0,
              "is_ipv6_enabled": true,
              "last_modified_time": "2020-03-03 15:55:21.005 +0000 UTC",
              "logging_config": [],
              "ordered_cache_behavior": [],
              "origin": [
                {
                  "custom_header": [],
                  "custom_origin_config": [],
                  "domain_name": "tuvo.s3.amazonaws.com",
                  "origin_id": "S3-tuvo/tuvo.s3.amazonaws.com/index/dist/index.html",
                  "origin_path": "",
                  "s3_origin_config": []
                }
              ],
              "origin_group": [],
              "price_class": "PriceClass_All",
              "restrictions": [
                {
                  "geo_restriction": [
                    {
                      "locations": [],
                      "restriction_type": "none"
                    }
                  ]
                }
              ],
              "retain_on_delete": false,
              "status": "Deployed",
              "tags": {},
              "viewer_certificate": [
                {
                  "acm_certificate_arn": "arn:aws:acm:us-east-1:748004005034:certificate/6f3a889d-9af4-40fd-bdb4-dc65030d4951",
                  "cloudfront_default_certificate": false,
                  "iam_certificate_id": "",
                  "minimum_protocol_version": "TLSv1.1_2016",
                  "ssl_support_method": "sni-only"
                }
              ],
              "wait_for_deployment": true,
              "web_acl_id": ""
            },
            "private": "eyJzY2hlbWFfdmVyc2lvbiI6IjEifQ=="
          }
        ]
      }
    ]
  }
  